
Microsoft Visual Studio Solution File, Format Version 12.00
# Visual Studio Version 17
VisualStudioVersion = 17.8.34330.188
MinimumVisualStudioVersion = 10.0.40219.1
Project("{FAE04EC0-301F-11D3-BF4B-00C04F79EFBC}") = "ToDoList", "ToDoList\ToDoList.csproj", "{D5636D2F-A9A6-4104-AE13-C954A0FA5B04}"
EndProject
Global
	GlobalSection(SolutionConfigurationPlatforms) = preSolution
		Debug|Any CPU = Debug|Any CPU
		Release|Any CPU = Release|Any CPU
	EndGlobalSection
	GlobalSection(ProjectConfigurationPlatforms) = postSolution
		{D5636D2F-A9A6-4104-AE13-C954A0FA5B04}.Debug|Any CPU.ActiveCfg = Debug|Any CPU
		{D5636D2F-A9A6-4104-AE13-C954A0FA5B04}.Debug|Any CPU.Build.0 = Debug|Any CPU
		{D5636D2F-A9A6-4104-AE13-C954A0FA5B04}.Release|Any CPU.ActiveCfg = Release|Any CPU
		{D5636D2F-A9A6-4104-AE13-C954A0FA5B04}.Release|Any CPU.Build.0 = Release|Any CPU
	EndGlobalSection
	GlobalSection(SolutionProperties) = preSolution
		HideSolutionNode = FALSE
	EndGlobalSection
	GlobalSection(ExtensibilityGlobals) = postSolution
		SolutionGuid = {69244CEB-D95E-4CBB-A931-348E190676CA}
	EndGlobalSection
EndGlobal
